
Microsoft Visual Studio Solution File, Format Version 12.00
# Visual Studio Version 16
VisualStudioVersion = 16.0.30204.135
MinimumVisualStudioVersion = 10.0.40219.1
Project("{FAE04EC0-301F-11D3-BF4B-00C04F79EFBC}") = "PartsUnlimited.Models", "PartsUnlimited.Models\PartsUnlimited.Models.csproj", "{023633B3-82BA-406A-8BCF-33AF1575CDF8}"
EndProject
Global
	GlobalSection(SolutionConfigurationPlatforms) = preSolution
		Debug|Any CPU = Debug|Any CPU
		Release|Any CPU = Release|Any CPU
	EndGlobalSection
	GlobalSection(ProjectConfigurationPlatforms) = postSolution
		{023633B3-82BA-406A-8BCF-33AF1575CDF8}.Debug|Any CPU.ActiveCfg = Debug|Any CPU
		{023633B3-82BA-406A-8BCF-33AF1575CDF8}.Debug|Any CPU.Build.0 = Debug|Any CPU
		{023633B3-82BA-406A-8BCF-33AF1575CDF8}.Release|Any CPU.ActiveCfg = Release|Any CPU
		{023633B3-82BA-406A-8BCF-33AF1575CDF8}.Release|Any CPU.Build.0 = Release|Any CPU
	EndGlobalSection
	GlobalSection(SolutionProperties) = preSolution
		HideSolutionNode = FALSE
	EndGlobalSection
	GlobalSection(ExtensibilityGlobals) = postSolution
		SolutionGuid = {E1EE49B5-5860-4CE3-8593-3AEA29C3CE6B}
	EndGlobalSection
EndGlobal
